
Microsoft Visual Studio Solution File, Format Version 12.00
# Visual Studio Version 17
VisualStudioVersion = 17.0.31903.59
MinimumVisualStudioVersion = 10.0.40219.1
Project("{9A19103F-16F7-4668-BE54-9A1E7A4F7556}") = "MovieInformationDownloaderCLI", "MovieInformationDownloader\MovieInformationDownloaderCLI.csproj", "{DA6BC0CA-4085-467B-9B06-1124E4ABCA18}"
EndProject
Project("{FAE04EC0-301F-11D3-BF4B-00C04F79EFBC}") = "MovieInformationCore", "MovieInformationCore\MovieInformationCore.csproj", "{D5546084-410B-430B-81CE-2932986DE1CE}"
EndProject
Global
	GlobalSection(SolutionConfigurationPlatforms) = preSolution
		Debug|Any CPU = Debug|Any CPU
		Release|Any CPU = Release|Any CPU
	EndGlobalSection
	GlobalSection(ProjectConfigurationPlatforms) = postSolution
		{DA6BC0CA-4085-467B-9B06-1124E4ABCA18}.Debug|Any CPU.ActiveCfg = Debug|Any CPU
		{DA6BC0CA-4085-467B-9B06-1124E4ABCA18}.Debug|Any CPU.Build.0 = Debug|Any CPU
		{DA6BC0CA-4085-467B-9B06-1124E4ABCA18}.Release|Any CPU.ActiveCfg = Release|Any CPU
		{DA6BC0CA-4085-467B-9B06-1124E4ABCA18}.Release|Any CPU.Build.0 = Release|Any CPU
		{D5546084-410B-430B-81CE-2932986DE1CE}.Debug|Any CPU.ActiveCfg = Debug|Any CPU
		{D5546084-410B-430B-81CE-2932986DE1CE}.Debug|Any CPU.Build.0 = Debug|Any CPU
		{D5546084-410B-430B-81CE-2932986DE1CE}.Release|Any CPU.ActiveCfg = Release|Any CPU
		{D5546084-410B-430B-81CE-2932986DE1CE}.Release|Any CPU.Build.0 = Release|Any CPU
	EndGlobalSection
	GlobalSection(SolutionProperties) = preSolution
		HideSolutionNode = FALSE
	EndGlobalSection
	GlobalSection(ExtensibilityGlobals) = postSolution
		SolutionGuid = {99B955DF-F6A4-4437-8394-ED49EE52CD0E}
	EndGlobalSection
EndGlobal
